
Microsoft Visual Studio Solution File, Format Version 12.00
# Visual Studio 15
VisualStudioVersion = 15.0.28307.960
MinimumVisualStudioVersion = 10.0.40219.1
Project("{FAE04EC0-301F-11D3-BF4B-00C04F79EFBC}") = "IntroductionToLINQ_Features", "IntroductionToLINQ_Features\IntroductionToLINQ_Features.csproj", "{654072B9-61D7-40A8-9F1F-FD7678CB32A3}"
EndProject
Global
	GlobalSection(SolutionConfigurationPlatforms) = preSolution
		Debug|Any CPU = Debug|Any CPU
		Release|Any CPU = Release|Any CPU
	EndGlobalSection
	GlobalSection(ProjectConfigurationPlatforms) = postSolution
		{654072B9-61D7-40A8-9F1F-FD7678CB32A3}.Debug|Any CPU.ActiveCfg = Debug|Any CPU
		{654072B9-61D7-40A8-9F1F-FD7678CB32A3}.Debug|Any CPU.Build.0 = Debug|Any CPU
		{654072B9-61D7-40A8-9F1F-FD7678CB32A3}.Release|Any CPU.ActiveCfg = Release|Any CPU
		{654072B9-61D7-40A8-9F1F-FD7678CB32A3}.Release|Any CPU.Build.0 = Release|Any CPU
	EndGlobalSection
	GlobalSection(SolutionProperties) = preSolution
		HideSolutionNode = FALSE
	EndGlobalSection
	GlobalSection(ExtensibilityGlobals) = postSolution
		SolutionGuid = {6AEB67EC-8E33-47C0-BE0E-C9061D132436}
	EndGlobalSection
EndGlobal
